
Microsoft Visual Studio Solution File, Format Version 12.00
# Visual Studio Version 16
VisualStudioVersion = 16.0.29709.97
MinimumVisualStudioVersion = 10.0.40219.1
Project("{F184B08F-C81C-45F6-A57F-5ABD9991F28F}") = "WinForm Example", "WinForm Example.vbproj", "{4009054E-204F-4F27-9D5C-4678B3A11756}"
EndProject
Global
	GlobalSection(SolutionConfigurationPlatforms) = preSolution
		Debug|Any CPU = Debug|Any CPU
		Release|Any CPU = Release|Any CPU
	EndGlobalSection
	GlobalSection(ProjectConfigurationPlatforms) = postSolution
		{4009054E-204F-4F27-9D5C-4678B3A11756}.Debug|Any CPU.ActiveCfg = Debug|Any CPU
		{4009054E-204F-4F27-9D5C-4678B3A11756}.Debug|Any CPU.Build.0 = Debug|Any CPU
		{4009054E-204F-4F27-9D5C-4678B3A11756}.Release|Any CPU.ActiveCfg = Release|Any CPU
		{4009054E-204F-4F27-9D5C-4678B3A11756}.Release|Any CPU.Build.0 = Release|Any CPU
	EndGlobalSection
	GlobalSection(SolutionProperties) = preSolution
		HideSolutionNode = FALSE
	EndGlobalSection
	GlobalSection(ExtensibilityGlobals) = postSolution
		SolutionGuid = {2B11A1AA-C431-4B56-A019-18FE18111DB6}
	EndGlobalSection
EndGlobal
