
Microsoft Visual Studio Solution File, Format Version 12.00
# Visual Studio Version 16
VisualStudioVersion = 16.0.29709.97
MinimumVisualStudioVersion = 10.0.40219.1
Project("{F184B08F-C81C-45F6-A57F-5ABD9991F28F}") = "WasistmeinName", "WasistmeinName.vbproj", "{F1FC912B-7BE7-419F-B5F6-A5973D8B4602}"
EndProject
Global
	GlobalSection(SolutionConfigurationPlatforms) = preSolution
		Debug|Any CPU = Debug|Any CPU
		Release|Any CPU = Release|Any CPU
	EndGlobalSection
	GlobalSection(ProjectConfigurationPlatforms) = postSolution
		{F1FC912B-7BE7-419F-B5F6-A5973D8B4602}.Debug|Any CPU.ActiveCfg = Debug|Any CPU
		{F1FC912B-7BE7-419F-B5F6-A5973D8B4602}.Debug|Any CPU.Build.0 = Debug|Any CPU
		{F1FC912B-7BE7-419F-B5F6-A5973D8B4602}.Release|Any CPU.ActiveCfg = Release|Any CPU
		{F1FC912B-7BE7-419F-B5F6-A5973D8B4602}.Release|Any CPU.Build.0 = Release|Any CPU
	EndGlobalSection
	GlobalSection(SolutionProperties) = preSolution
		HideSolutionNode = FALSE
	EndGlobalSection
	GlobalSection(ExtensibilityGlobals) = postSolution
		SolutionGuid = {B8A3222A-0236-4BDD-89EA-EA887FE3EE03}
	EndGlobalSection
EndGlobal
